// !$*UTF8*$!
{
	archiveVersion = 1;
	classes = {
	};
	objectVersion = 56;
	objects = {

/* Begin PBXBuildFile section */
		FAAAF9032A90C24D00D6311F /* Error.swift in Sources */ = {isa = PBXBuildFile; fileRef = FAAAF9022A90C24D00D6311F /* Error.swift */; };
		FAAAF9052A91531400D6311F /* APIErrorHandler.swift in Sources */ = {isa = PBXBuildFile; fileRef = FAAAF9042A91531400D6311F /* APIErrorHandler.swift */; };
		FAAAF9072A9154CD00D6311F /* AlertService.swift in Sources */ = {isa = PBXBuildFile; fileRef = FAAAF9062A9154CD00D6311F /* AlertService.swift */; };
		FACD8E1A2A8BF7B700FDF375 /* AppDelegate.swift in Sources */ = {isa = PBXBuildFile; fileRef = FACD8E192A8BF7B700FDF375 /* AppDelegate.swift */; };
		FACD8E1C2A8BF7B700FDF375 /* SceneDelegate.swift in Sources */ = {isa = PBXBuildFile; fileRef = FACD8E1B2A8BF7B700FDF375 /* SceneDelegate.swift */; };
		FACD8E1E2A8BF7B700FDF375 /* LinkViewController.swift in Sources */ = {isa = PBXBuildFile; fileRef = FACD8E1D2A8BF7B700FDF375 /* LinkViewController.swift */; };
		FACD8E212A8BF7B700FDF375 /* Main.storyboard in Resources */ = {isa = PBXBuildFile; fileRef = FACD8E1F2A8BF7B700FDF375 /* Main.storyboard */; };
		FACD8E232A8BF7BA00FDF375 /* Assets.xcassets in Resources */ = {isa = PBXBuildFile; fileRef = FACD8E222A8BF7BA00FDF375 /* Assets.xcassets */; };
		FACD8E262A8BF7BA00FDF375 /* LaunchScreen.storyboard in Resources */ = {isa = PBXBuildFile; fileRef = FACD8E242A8BF7BA00FDF375 /* LaunchScreen.storyboard */; };
		FACD8E2F2A8D050F00FDF375 /* API.swift in Sources */ = {isa = PBXBuildFile; fileRef = FACD8E2E2A8D050F00FDF375 /* API.swift */; };
		FACD8E322A8D056800FDF375 /* LinkStructure.swift in Sources */ = {isa = PBXBuildFile; fileRef = FACD8E312A8D056800FDF375 /* LinkStructure.swift */; };
		FACD8E352A8D100100FDF375 /* APIRequestMaker.swift in Sources */ = {isa = PBXBuildFile; fileRef = FACD8E342A8D100100FDF375 /* APIRequestMaker.swift */; };
		FACD8E3A2A8E401700FDF375 /* APIRequestType.swift in Sources */ = {isa = PBXBuildFile; fileRef = FACD8E392A8E401700FDF375 /* APIRequestType.swift */; };
		FACD8E3E2A8E676800FDF375 /* LinkStructureViewModel.swift in Sources */ = {isa = PBXBuildFile; fileRef = FACD8E3D2A8E676800FDF375 /* LinkStructureViewModel.swift */; };
		FACD8E412A8E68A800FDF375 /* LinkStructuresProvider.swift in Sources */ = {isa = PBXBuildFile; fileRef = FACD8E402A8E68A800FDF375 /* LinkStructuresProvider.swift */; };
		FACD8E442A8F74D800FDF375 /* TableViewDataSource.swift in Sources */ = {isa = PBXBuildFile; fileRef = FACD8E432A8F74D800FDF375 /* TableViewDataSource.swift */; };
		FACD8E492A8F7B4900FDF375 /* TableViewCell.swift in Sources */ = {isa = PBXBuildFile; fileRef = FACD8E482A8F7B4900FDF375 /* TableViewCell.swift */; };
		FACD8E4B2A8F7BD900FDF375 /* TableViewCellModel.swift in Sources */ = {isa = PBXBuildFile; fileRef = FACD8E4A2A8F7BD900FDF375 /* TableViewCellModel.swift */; };
		FACD8E4E2A8F858F00FDF375 /* Array.swift in Sources */ = {isa = PBXBuildFile; fileRef = FACD8E4D2A8F858F00FDF375 /* Array.swift */; };
		FACD8E512A8FA63700FDF375 /* ViewControllerFactory.swift in Sources */ = {isa = PBXBuildFile; fileRef = FACD8E502A8FA63700FDF375 /* ViewControllerFactory.swift */; };
		FACD8E562A8FA88400FDF375 /* Router.swift in Sources */ = {isa = PBXBuildFile; fileRef = FACD8E552A8FA88400FDF375 /* Router.swift */; };
/* End PBXBuildFile section */

/* Begin PBXFileReference section */
		FAAAF9022A90C24D00D6311F /* Error.swift */ = {isa = PBXFileReference; lastKnownFileType = sourcecode.swift; path = Error.swift; sourceTree = "<group>"; };
		FAAAF9042A91531400D6311F /* APIErrorHandler.swift */ = {isa = PBXFileReference; lastKnownFileType = sourcecode.swift; path = APIErrorHandler.swift; sourceTree = "<group>"; };
		FAAAF9062A9154CD00D6311F /* AlertService.swift */ = {isa = PBXFileReference; lastKnownFileType = sourcecode.swift; path = AlertService.swift; sourceTree = "<group>"; };
		FACD8E162A8BF7B700FDF375 /* Links.app */ = {isa = PBXFileReference; explicitFileType = wrapper.application; includeInIndex = 0; path = Links.app; sourceTree = BUILT_PRODUCTS_DIR; };
		FACD8E192A8BF7B700FDF375 /* AppDelegate.swift */ = {isa = PBXFileReference; lastKnownFileType = sourcecode.swift; path = AppDelegate.swift; sourceTree = "<group>"; };
		FACD8E1B2A8BF7B700FDF375 /* SceneDelegate.swift */ = {isa = PBXFileReference; lastKnownFileType = sourcecode.swift; path = SceneDelegate.swift; sourceTree = "<group>"; };
		FACD8E1D2A8BF7B700FDF375 /* LinkViewController.swift */ = {isa = PBXFileReference; lastKnownFileType = sourcecode.swift; path = LinkViewController.swift; sourceTree = "<group>"; };
		FACD8E202A8BF7B700FDF375 /* Base */ = {isa = PBXFileReference; lastKnownFileType = file.storyboard; name = Base; path = Base.lproj/Main.storyboard; sourceTree = "<group>"; };
		FACD8E222A8BF7BA00FDF375 /* Assets.xcassets */ = {isa = PBXFileReference; lastKnownFileType = folder.assetcatalog; path = Assets.xcassets; sourceTree = "<group>"; };
		FACD8E252A8BF7BA00FDF375 /* Base */ = {isa = PBXFileReference; lastKnownFileType = file.storyboard; name = Base; path = Base.lproj/LaunchScreen.storyboard; sourceTree = "<group>"; };
		FACD8E272A8BF7BA00FDF375 /* Info.plist */ = {isa = PBXFileReference; lastKnownFileType = text.plist.xml; path = Info.plist; sourceTree = "<group>"; };
		FACD8E2E2A8D050F00FDF375 /* API.swift */ = {isa = PBXFileReference; lastKnownFileType = sourcecode.swift; path = API.swift; sourceTree = "<group>"; };
		FACD8E312A8D056800FDF375 /* LinkStructure.swift */ = {isa = PBXFileReference; lastKnownFileType = sourcecode.swift; path = LinkStructure.swift; sourceTree = "<group>"; };
		FACD8E342A8D100100FDF375 /* APIRequestMaker.swift */ = {isa = PBXFileReference; lastKnownFileType = sourcecode.swift; path = APIRequestMaker.swift; sourceTree = "<group>"; };
		FACD8E392A8E401700FDF375 /* APIRequestType.swift */ = {isa = PBXFileReference; lastKnownFileType = sourcecode.swift; path = APIRequestType.swift; sourceTree = "<group>"; };
		FACD8E3D2A8E676800FDF375 /* LinkStructureViewModel.swift */ = {isa = PBXFileReference; lastKnownFileType = sourcecode.swift; path = LinkStructureViewModel.swift; sourceTree = "<group>"; };
		FACD8E402A8E68A800FDF375 /* LinkStructuresProvider.swift */ = {isa = PBXFileReference; lastKnownFileType = sourcecode.swift; path = LinkStructuresProvider.swift; sourceTree = "<group>"; };
		FACD8E432A8F74D800FDF375 /* TableViewDataSource.swift */ = {isa = PBXFileReference; lastKnownFileType = sourcecode.swift; path = TableViewDataSource.swift; sourceTree = "<group>"; };
		FACD8E482A8F7B4900FDF375 /* TableViewCell.swift */ = {isa = PBXFileReference; lastKnownFileType = sourcecode.swift; path = TableViewCell.swift; sourceTree = "<group>"; };
		FACD8E4A2A8F7BD900FDF375 /* TableViewCellModel.swift */ = {isa = PBXFileReference; lastKnownFileType = sourcecode.swift; path = TableViewCellModel.swift; sourceTree = "<group>"; };
		FACD8E4D2A8F858F00FDF375 /* Array.swift */ = {isa = PBXFileReference; lastKnownFileType = sourcecode.swift; path = Array.swift; sourceTree = "<group>"; };
		FACD8E502A8FA63700FDF375 /* ViewControllerFactory.swift */ = {isa = PBXFileReference; lastKnownFileType = sourcecode.swift; path = ViewControllerFactory.swift; sourceTree = "<group>"; };
		FACD8E552A8FA88400FDF375 /* Router.swift */ = {isa = PBXFileReference; lastKnownFileType = sourcecode.swift; path = Router.swift; sourceTree = "<group>"; };
/* End PBXFileReference section */

/* Begin PBXFrameworksBuildPhase section */
		FACD8E132A8BF7B700FDF375 /* Frameworks */ = {
			isa = PBXFrameworksBuildPhase;
			buildActionMask = 2147483647;
			files = (
			);
			runOnlyForDeploymentPostprocessing = 0;
		};
/* End PBXFrameworksBuildPhase section */

/* Begin PBXGroup section */
		FACD8E0D2A8BF7B700FDF375 = {
			isa = PBXGroup;
			children = (
				FACD8E182A8BF7B700FDF375 /* Links */,
				FACD8E172A8BF7B700FDF375 /* Products */,
			);
			sourceTree = "<group>";
		};
		FACD8E172A8BF7B700FDF375 /* Products */ = {
			isa = PBXGroup;
			children = (
				FACD8E162A8BF7B700FDF375 /* Links.app */,
			);
			name = Products;
			sourceTree = "<group>";
		};
		FACD8E182A8BF7B700FDF375 /* Links */ = {
			isa = PBXGroup;
			children = (
				FACD8E4F2A8FA62A00FDF375 /* Factories */,
				FACD8E4C2A8F858700FDF375 /* Extensions */,
				FACD8E452A8F7AEF00FDF375 /* Views */,
				FACD8E3F2A8E689600FDF375 /* Providers */,
				FACD8E3B2A8E674E00FDF375 /* Controllers */,
				FACD8E302A8D055D00FDF375 /* Model */,
				FACD8E2D2A8D050000FDF375 /* Services */,
				FACD8E532A8FA83300FDF375 /* App */,
				FACD8E522A8FA81900FDF375 /* Stroyboards */,
				FACD8E272A8BF7BA00FDF375 /* Info.plist */,
				FACD8E542A8FA85500FDF375 /* Resources */,
			);
			path = Links;
			sourceTree = "<group>";
		};
		FACD8E2D2A8D050000FDF375 /* Services */ = {
			isa = PBXGroup;
			children = (
				FACD8E332A8D0FEF00FDF375 /* API */,
				FACD8E552A8FA88400FDF375 /* Router.swift */,
				FAAAF9062A9154CD00D6311F /* AlertService.swift */,
			);
			path = Services;
			sourceTree = "<group>";
		};
		FACD8E302A8D055D00FDF375 /* Model */ = {
			isa = PBXGroup;
			children = (
				FACD8E422A8F74C600FDF375 /* Base */,
				FACD8E312A8D056800FDF375 /* LinkStructure.swift */,
				FAAAF9022A90C24D00D6311F /* Error.swift */,
			);
			path = Model;
			sourceTree = "<group>";
		};
		FACD8E332A8D0FEF00FDF375 /* API */ = {
			isa = PBXGroup;
			children = (
				FACD8E382A8E400100FDF375 /* APIRequest */,
				FACD8E2E2A8D050F00FDF375 /* API.swift */,
				FAAAF9042A91531400D6311F /* APIErrorHandler.swift */,
			);
			path = API;
			sourceTree = "<group>";
		};
		FACD8E382A8E400100FDF375 /* APIRequest */ = {
			isa = PBXGroup;
			children = (
				FACD8E342A8D100100FDF375 /* APIRequestMaker.swift */,
				FACD8E392A8E401700FDF375 /* APIRequestType.swift */,
			);
			path = APIRequest;
			sourceTree = "<group>";
		};
		FACD8E3B2A8E674E00FDF375 /* Controllers */ = {
			isa = PBXGroup;
			children = (
				FACD8E3C2A8E675700FDF375 /* LinkViewController */,
			);
			path = Controllers;
			sourceTree = "<group>";
		};
		FACD8E3C2A8E675700FDF375 /* LinkViewController */ = {
			isa = PBXGroup;
			children = (
				FACD8E1D2A8BF7B700FDF375 /* LinkViewController.swift */,
				FACD8E3D2A8E676800FDF375 /* LinkStructureViewModel.swift */,
			);
			path = LinkViewController;
			sourceTree = "<group>";
		};
		FACD8E3F2A8E689600FDF375 /* Providers */ = {
			isa = PBXGroup;
			children = (
				FACD8E402A8E68A800FDF375 /* LinkStructuresProvider.swift */,
			);
			path = Providers;
			sourceTree = "<group>";
		};
		FACD8E422A8F74C600FDF375 /* Base */ = {
			isa = PBXGroup;
			children = (
				FACD8E432A8F74D800FDF375 /* TableViewDataSource.swift */,
			);
			path = Base;
			sourceTree = "<group>";
		};
		FACD8E452A8F7AEF00FDF375 /* Views */ = {
			isa = PBXGroup;
			children = (
				FACD8E462A8F7B2B00FDF375 /* TableViewCells */,
			);
			path = Views;
			sourceTree = "<group>";
		};
		FACD8E462A8F7B2B00FDF375 /* TableViewCells */ = {
			isa = PBXGroup;
			children = (
				FACD8E472A8F7B3500FDF375 /* TableViewCell */,
			);
			path = TableViewCells;
			sourceTree = "<group>";
		};
		FACD8E472A8F7B3500FDF375 /* TableViewCell */ = {
			isa = PBXGroup;
			children = (
				FACD8E482A8F7B4900FDF375 /* TableViewCell.swift */,
				FACD8E4A2A8F7BD900FDF375 /* TableViewCellModel.swift */,
			);
			path = TableViewCell;
			sourceTree = "<group>";
		};
		FACD8E4C2A8F858700FDF375 /* Extensions */ = {
			isa = PBXGroup;
			children = (
				FACD8E4D2A8F858F00FDF375 /* Array.swift */,
			);
			path = Extensions;
			sourceTree = "<group>";
		};
		FACD8E4F2A8FA62A00FDF375 /* Factories */ = {
			isa = PBXGroup;
			children = (
				FACD8E502A8FA63700FDF375 /* ViewControllerFactory.swift */,
			);
			path = Factories;
			sourceTree = "<group>";
		};
		FACD8E522A8FA81900FDF375 /* Stroyboards */ = {
			isa = PBXGroup;
			children = (
				FACD8E242A8BF7BA00FDF375 /* LaunchScreen.storyboard */,
				FACD8E1F2A8BF7B700FDF375 /* Main.storyboard */,
			);
			path = Stroyboards;
			sourceTree = "<group>";
		};
		FACD8E532A8FA83300FDF375 /* App */ = {
			isa = PBXGroup;
			children = (
				FACD8E192A8BF7B700FDF375 /* AppDelegate.swift */,
				FACD8E1B2A8BF7B700FDF375 /* SceneDelegate.swift */,
			);
			path = App;
			sourceTree = "<group>";
		};
		FACD8E542A8FA85500FDF375 /* Resources */ = {
			isa = PBXGroup;
			children = (
				FACD8E222A8BF7BA00FDF375 /* Assets.xcassets */,
			);
			path = Resources;
			sourceTree = "<group>";
		};
/* End PBXGroup section */

/* Begin PBXNativeTarget section */
		FACD8E152A8BF7B700FDF375 /* Links */ = {
			isa = PBXNativeTarget;
			buildConfigurationList = FACD8E2A2A8BF7BA00FDF375 /* Build configuration list for PBXNativeTarget "Links" */;
			buildPhases = (
				FACD8E122A8BF7B700FDF375 /* Sources */,
				FACD8E132A8BF7B700FDF375 /* Frameworks */,
				FACD8E142A8BF7B700FDF375 /* Resources */,
			);
			buildRules = (
			);
			dependencies = (
			);
			name = Links;
			productName = Links;
			productReference = FACD8E162A8BF7B700FDF375 /* Links.app */;
			productType = "com.apple.product-type.application";
		};
/* End PBXNativeTarget section */

/* Begin PBXProject section */
		FACD8E0E2A8BF7B700FDF375 /* Project object */ = {
			isa = PBXProject;
			attributes = {
				BuildIndependentTargetsInParallel = 1;
				LastSwiftUpdateCheck = 1430;
				LastUpgradeCheck = 1430;
				TargetAttributes = {
					FACD8E152A8BF7B700FDF375 = {
						CreatedOnToolsVersion = 14.3.1;
					};
				};
			};
			buildConfigurationList = FACD8E112A8BF7B700FDF375 /* Build configuration list for PBXProject "Links" */;
			compatibilityVersion = "Xcode 14.0";
			developmentRegion = en;
			hasScannedForEncodings = 0;
			knownRegions = (
				en,
				Base,
			);
			mainGroup = FACD8E0D2A8BF7B700FDF375;
			productRefGroup = FACD8E172A8BF7B700FDF375 /* Products */;
			projectDirPath = "";
			projectRoot = "";
			targets = (
				FACD8E152A8BF7B700FDF375 /* Links */,
			);
		};
/* End PBXProject section */

/* Begin PBXResourcesBuildPhase section */
		FACD8E142A8BF7B700FDF375 /* Resources */ = {
			isa = PBXResourcesBuildPhase;
			buildActionMask = 2147483647;
			files = (
				FACD8E262A8BF7BA00FDF375 /* LaunchScreen.storyboard in Resources */,
				FACD8E232A8BF7BA00FDF375 /* Assets.xcassets in Resources */,
				FACD8E212A8BF7B700FDF375 /* Main.storyboard in Resources */,
			);
			runOnlyForDeploymentPostprocessing = 0;
		};
/* End PBXResourcesBuildPhase section */

/* Begin PBXSourcesBuildPhase section */
		FACD8E122A8BF7B700FDF375 /* Sources */ = {
			isa = PBXSourcesBuildPhase;
			buildActionMask = 2147483647;
			files = (
				FAAAF9032A90C24D00D6311F /* Error.swift in Sources */,
				FACD8E3E2A8E676800FDF375 /* LinkStructureViewModel.swift in Sources */,
				FACD8E2F2A8D050F00FDF375 /* API.swift in Sources */,
				FACD8E1E2A8BF7B700FDF375 /* LinkViewController.swift in Sources */,
				FACD8E4B2A8F7BD900FDF375 /* TableViewCellModel.swift in Sources */,
				FACD8E1A2A8BF7B700FDF375 /* AppDelegate.swift in Sources */,
				FACD8E3A2A8E401700FDF375 /* APIRequestType.swift in Sources */,
				FACD8E1C2A8BF7B700FDF375 /* SceneDelegate.swift in Sources */,
				FACD8E562A8FA88400FDF375 /* Router.swift in Sources */,
				FACD8E492A8F7B4900FDF375 /* TableViewCell.swift in Sources */,
				FACD8E442A8F74D800FDF375 /* TableViewDataSource.swift in Sources */,
				FACD8E4E2A8F858F00FDF375 /* Array.swift in Sources */,
				FACD8E412A8E68A800FDF375 /* LinkStructuresProvider.swift in Sources */,
				FACD8E352A8D100100FDF375 /* APIRequestMaker.swift in Sources */,
				FACD8E322A8D056800FDF375 /* LinkStructure.swift in Sources */,
				FAAAF9052A91531400D6311F /* APIErrorHandler.swift in Sources */,
				FAAAF9072A9154CD00D6311F /* AlertService.swift in Sources */,
				FACD8E512A8FA63700FDF375 /* ViewControllerFactory.swift in Sources */,
			);
			runOnlyForDeploymentPostprocessing = 0;
		};
/* End PBXSourcesBuildPhase section */

/* Begin PBXVariantGroup section */
		FACD8E1F2A8BF7B700FDF375 /* Main.storyboard */ = {
			isa = PBXVariantGroup;
			children = (
				FACD8E202A8BF7B700FDF375 /* Base */,
			);
			name = Main.storyboard;
			sourceTree = "<group>";
		};
		FACD8E242A8BF7BA00FDF375 /* LaunchScreen.storyboard */ = {
			isa = PBXVariantGroup;
			children = (
				FACD8E252A8BF7BA00FDF375 /* Base */,
			);
			name = LaunchScreen.storyboard;
			sourceTree = "<group>";
		};
/* End PBXVariantGroup section */

/* Begin XCBuildConfiguration section */
		FACD8E282A8BF7BA00FDF375 /* Debug */ = {
			isa = XCBuildConfiguration;
			buildSettings = {
				ALWAYS_SEARCH_USER_PATHS = NO;
				CLANG_ANALYZER_NONNULL = YES;
				CLANG_ANALYZER_NUMBER_OBJECT_CONVERSION = YES_AGGRESSIVE;
				CLANG_CXX_LANGUAGE_STANDARD = "gnu++20";
				CLANG_ENABLE_MODULES = YES;
				CLANG_ENABLE_OBJC_ARC = YES;
				CLANG_ENABLE_OBJC_WEAK = YES;
				CLANG_WARN_BLOCK_CAPTURE_AUTORELEASING = YES;
				CLANG_WARN_BOOL_CONVERSION = YES;
				CLANG_WARN_COMMA = YES;
				CLANG_WARN_CONSTANT_CONVERSION = YES;
				CLANG_WARN_DEPRECATED_OBJC_IMPLEMENTATIONS = YES;
				CLANG_WARN_DIRECT_OBJC_ISA_USAGE = YES_ERROR;
				CLANG_WARN_DOCUMENTATION_COMMENTS = YES;
				CLANG_WARN_EMPTY_BODY = YES;
				CLANG_WARN_ENUM_CONVERSION = YES;
				CLANG_WARN_INFINITE_RECURSION = YES;
				CLANG_WARN_INT_CONVERSION = YES;
				CLANG_WARN_NON_LITERAL_NULL_CONVERSION = YES;
				CLANG_WARN_OBJC_IMPLICIT_RETAIN_SELF = YES;
				CLANG_WARN_OBJC_LITERAL_CONVERSION = YES;
				CLANG_WARN_OBJC_ROOT_CLASS = YES_ERROR;
				CLANG_WARN_QUOTED_INCLUDE_IN_FRAMEWORK_HEADER = YES;
				CLANG_WARN_RANGE_LOOP_ANALYSIS = YES;
				CLANG_WARN_STRICT_PROTOTYPES = YES;
				CLANG_WARN_SUSPICIOUS_MOVE = YES;
				CLANG_WARN_UNGUARDED_AVAILABILITY = YES_AGGRESSIVE;
				CLANG_WARN_UNREACHABLE_CODE = YES;
				CLANG_WARN__DUPLICATE_METHOD_MATCH = YES;
				COPY_PHASE_STRIP = NO;
				DEBUG_INFORMATION_FORMAT = dwarf;
				ENABLE_STRICT_OBJC_MSGSEND = YES;
				ENABLE_TESTABILITY = YES;
				GCC_C_LANGUAGE_STANDARD = gnu11;
				GCC_DYNAMIC_NO_PIC = NO;
				GCC_NO_COMMON_BLOCKS = YES;
				GCC_OPTIMIZATION_LEVEL = 0;
				GCC_PREPROCESSOR_DEFINITIONS = (
					"DEBUG=1",
					"$(inherited)",
				);
				GCC_WARN_64_TO_32_BIT_CONVERSION = YES;
				GCC_WARN_ABOUT_RETURN_TYPE = YES_ERROR;
				GCC_WARN_UNDECLARED_SELECTOR = YES;
				GCC_WARN_UNINITIALIZED_AUTOS = YES_AGGRESSIVE;
				GCC_WARN_UNUSED_FUNCTION = YES;
				GCC_WARN_UNUSED_VARIABLE = YES;
				IPHONEOS_DEPLOYMENT_TARGET = 16.4;
				MTL_ENABLE_DEBUG_INFO = INCLUDE_SOURCE;
				MTL_FAST_MATH = YES;
				ONLY_ACTIVE_ARCH = YES;
				SDKROOT = iphoneos;
				SWIFT_ACTIVE_COMPILATION_CONDITIONS = DEBUG;
				SWIFT_OPTIMIZATION_LEVEL = "-Onone";
			};
			name = Debug;
		};
		FACD8E292A8BF7BA00FDF375 /* Release */ = {
			isa = XCBuildConfiguration;
			buildSettings = {
				ALWAYS_SEARCH_USER_PATHS = NO;
				CLANG_ANALYZER_NONNULL = YES;
				CLANG_ANALYZER_NUMBER_OBJECT_CONVERSION = YES_AGGRESSIVE;
				CLANG_CXX_LANGUAGE_STANDARD = "gnu++20";
				CLANG_ENABLE_MODULES = YES;
				CLANG_ENABLE_OBJC_ARC = YES;
				CLANG_ENABLE_OBJC_WEAK = YES;
				CLANG_WARN_BLOCK_CAPTURE_AUTORELEASING = YES;
				CLANG_WARN_BOOL_CONVERSION = YES;
				CLANG_WARN_COMMA = YES;
				CLANG_WARN_CONSTANT_CONVERSION = YES;
				CLANG_WARN_DEPRECATED_OBJC_IMPLEMENTATIONS = YES;
				CLANG_WARN_DIRECT_OBJC_ISA_USAGE = YES_ERROR;
				CLANG_WARN_DOCUMENTATION_COMMENTS = YES;
				CLANG_WARN_EMPTY_BODY = YES;
				CLANG_WARN_ENUM_CONVERSION = YES;
				CLANG_WARN_INFINITE_RECURSION = YES;
				CLANG_WARN_INT_CONVERSION = YES;
				CLANG_WARN_NON_LITERAL_NULL_CONVERSION = YES;
				CLANG_WARN_OBJC_IMPLICIT_RETAIN_SELF = YES;
				CLANG_WARN_OBJC_LITERAL_CONVERSION = YES;
				CLANG_WARN_OBJC_ROOT_CLASS = YES_ERROR;
				CLANG_WARN_QUOTED_INCLUDE_IN_FRAMEWORK_HEADER = YES;
				CLANG_WARN_RANGE_LOOP_ANALYSIS = YES;
				CLANG_WARN_STRICT_PROTOTYPES = YES;
				CLANG_WARN_SUSPICIOUS_MOVE = YES;
				CLANG_WARN_UNGUARDED_AVAILABILITY = YES_AGGRESSIVE;
				CLANG_WARN_UNREACHABLE_CODE = YES;
				CLANG_WARN__DUPLICATE_METHOD_MATCH = YES;
				COPY_PHASE_STRIP = NO;
				DEBUG_INFORMATION_FORMAT = "dwarf-with-dsym";
				ENABLE_NS_ASSERTIONS = NO;
				ENABLE_STRICT_OBJC_MSGSEND = YES;
				GCC_C_LANGUAGE_STANDARD = gnu11;
				GCC_NO_COMMON_BLOCKS = YES;
				GCC_WARN_64_TO_32_BIT_CONVERSION = YES;
				GCC_WARN_ABOUT_RETURN_TYPE = YES_ERROR;
				GCC_WARN_UNDECLARED_SELECTOR = YES;
				GCC_WARN_UNINITIALIZED_AUTOS = YES_AGGRESSIVE;
				GCC_WARN_UNUSED_FUNCTION = YES;
				GCC_WARN_UNUSED_VARIABLE = YES;
				IPHONEOS_DEPLOYMENT_TARGET = 16.4;
				MTL_ENABLE_DEBUG_INFO = NO;
				MTL_FAST_MATH = YES;
				SDKROOT = iphoneos;
				SWIFT_COMPILATION_MODE = wholemodule;
				SWIFT_OPTIMIZATION_LEVEL = "-O";
				VALIDATE_PRODUCT = YES;
			};
			name = Release;
		};
		FACD8E2B2A8BF7BA00FDF375 /* Debug */ = {
			isa = XCBuildConfiguration;
			buildSettings = {
				ASSETCATALOG_COMPILER_APPICON_NAME = AppIcon;
				ASSETCATALOG_COMPILER_GLOBAL_ACCENT_COLOR_NAME = AccentColor;
				CODE_SIGN_STYLE = Automatic;
				CURRENT_PROJECT_VERSION = 1;
				DEVELOPMENT_TEAM = 6W96UR5Z9X;
				GENERATE_INFOPLIST_FILE = YES;
				INFOPLIST_FILE = Links/Info.plist;
				INFOPLIST_KEY_UIApplicationSupportsIndirectInputEvents = YES;
				INFOPLIST_KEY_UILaunchStoryboardName = LaunchScreen;
				INFOPLIST_KEY_UIMainStoryboardFile = Main;
				INFOPLIST_KEY_UISupportedInterfaceOrientations_iPad = "UIInterfaceOrientationPortrait UIInterfaceOrientationPortraitUpsideDown UIInterfaceOrientationLandscapeLeft UIInterfaceOrientationLandscapeRight";
				INFOPLIST_KEY_UISupportedInterfaceOrientations_iPhone = "UIInterfaceOrientationPortrait UIInterfaceOrientationLandscapeLeft UIInterfaceOrientationLandscapeRight";
				LD_RUNPATH_SEARCH_PATHS = (
					"$(inherited)",
					"@executable_path/Frameworks",
				);
				MARKETING_VERSION = 1.0;
				PRODUCT_BUNDLE_IDENTIFIER = com.Links;
				PRODUCT_NAME = "$(TARGET_NAME)";
				SWIFT_EMIT_LOC_STRINGS = YES;
				SWIFT_VERSION = 5.0;
				TARGETED_DEVICE_FAMILY = "1,2";
			};
			name = Debug;
		};
		FACD8E2C2A8BF7BA00FDF375 /* Release */ = {
			isa = XCBuildConfiguration;
			buildSettings = {
				ASSETCATALOG_COMPILER_APPICON_NAME = AppIcon;
				ASSETCATALOG_COMPILER_GLOBAL_ACCENT_COLOR_NAME = AccentColor;
				CODE_SIGN_STYLE = Automatic;
				CURRENT_PROJECT_VERSION = 1;
				DEVELOPMENT_TEAM = 6W96UR5Z9X;
				GENERATE_INFOPLIST_FILE = YES;
				INFOPLIST_FILE = Links/Info.plist;
				INFOPLIST_KEY_UIApplicationSupportsIndirectInputEvents = YES;
				INFOPLIST_KEY_UILaunchStoryboardName = LaunchScreen;
				INFOPLIST_KEY_UIMainStoryboardFile = Main;
				INFOPLIST_KEY_UISupportedInterfaceOrientations_iPad = "UIInterfaceOrientationPortrait UIInterfaceOrientationPortraitUpsideDown UIInterfaceOrientationLandscapeLeft UIInterfaceOrientationLandscapeRight";
				INFOPLIST_KEY_UISupportedInterfaceOrientations_iPhone = "UIInterfaceOrientationPortrait UIInterfaceOrientationLandscapeLeft UIInterfaceOrientationLandscapeRight";
				LD_RUNPATH_SEARCH_PATHS = (
					"$(inherited)",
					"@executable_path/Frameworks",
				);
				MARKETING_VERSION = 1.0;
				PRODUCT_BUNDLE_IDENTIFIER = com.Links;
				PRODUCT_NAME = "$(TARGET_NAME)";
				SWIFT_EMIT_LOC_STRINGS = YES;
				SWIFT_VERSION = 5.0;
				TARGETED_DEVICE_FAMILY = "1,2";
			};
			name = Release;
		};
/* End XCBuildConfiguration section */

/* Begin XCConfigurationList section */
		FACD8E112A8BF7B700FDF375 /* Build configuration list for PBXProject "Links" */ = {
			isa = XCConfigurationList;
			buildConfigurations = (
				FACD8E282A8BF7BA00FDF375 /* Debug */,
				FACD8E292A8BF7BA00FDF375 /* Release */,
			);
			defaultConfigurationIsVisible = 0;
			defaultConfigurationName = Release;
		};
		FACD8E2A2A8BF7BA00FDF375 /* Build configuration list for PBXNativeTarget "Links" */ = {
			isa = XCConfigurationList;
			buildConfigurations = (
				FACD8E2B2A8BF7BA00FDF375 /* Debug */,
				FACD8E2C2A8BF7BA00FDF375 /* Release */,
			);
			defaultConfigurationIsVisible = 0;
			defaultConfigurationName = Release;
		};
/* End XCConfigurationList section */
	};
	rootObject = FACD8E0E2A8BF7B700FDF375 /* Project object */;
}
